
Microsoft Visual Studio Solution File, Format Version 12.00
# Visual Studio Version 17
VisualStudioVersion = 17.4.33213.308
MinimumVisualStudioVersion = 10.0.40219.1
Project("{FAE04EC0-301F-11D3-BF4B-00C04F79EFBC}") = "Hotellivarausjarjestelma", "Hotelli\Hotellivarausjarjestelma.csproj", "{4C74B306-72C0-4B14-9BAD-A8134B9835CD}"
EndProject
Global
	GlobalSection(SolutionConfigurationPlatforms) = preSolution
		Debug|Any CPU = Debug|Any CPU
		Release|Any CPU = Release|Any CPU
	EndGlobalSection
	GlobalSection(ProjectConfigurationPlatforms) = postSolution
		{4C74B306-72C0-4B14-9BAD-A8134B9835CD}.Debug|Any CPU.ActiveCfg = Debug|Any CPU
		{4C74B306-72C0-4B14-9BAD-A8134B9835CD}.Debug|Any CPU.Build.0 = Debug|Any CPU
		{4C74B306-72C0-4B14-9BAD-A8134B9835CD}.Release|Any CPU.ActiveCfg = Release|Any CPU
		{4C74B306-72C0-4B14-9BAD-A8134B9835CD}.Release|Any CPU.Build.0 = Release|Any CPU
	EndGlobalSection
	GlobalSection(SolutionProperties) = preSolution
		HideSolutionNode = FALSE
	EndGlobalSection
	GlobalSection(ExtensibilityGlobals) = postSolution
		SolutionGuid = {964C5226-A992-4DAF-8534-223413C7A606}
	EndGlobalSection
EndGlobal
